{
  "requires": true,
  "lockfileVersion": 1,
  "dependencies": {
    "g-sheets-api": {
      "version": "1.4.0",
      "resolved": "https://registry.npmjs.org/g-sheets-api/-/g-sheets-api-1.4.0.tgz",
      "integrity": "sha512-Qe85ouev6v3OF3Wyeu64UdNgbrRlcGp8qoq0tSg0jl1ixH4AmHvzh0i1Jrf5iHM2R9CXfpMBQuNQGgJzOLtLSA==",
      "dev": true,
      "requires": {
        "node-fetch": "^2.6.1"
      }
    },
    "node-fetch": {
      "version": "2.6.1",
      "resolved": "https://registry.npmjs.org/node-fetch/-/node-fetch-2.6.1.tgz",
      "integrity": "sha512-V4aYg89jEoVRxRb2fJdAg8FHvI7cEyYdVAh94HH0UIK8oJxUfkjlDQN9RbMx+bEjP7+ggMiFRprSti032Oipxw==",
      "dev": true
    }
  }
}
